{
    "_readme": [
        "This file locks the dependencies of your project to a known state",
        "Read more about it at https://getcomposer.org/doc/01-basic-usage.md#composer-lock-the-lock-file",
        "This file is @generated automatically"
    ],
    "hash": "31d42400c9a7d2d768bf149217827168",
    "content-hash": "cfbd90d132d02bf46f72b5948a75bacb",
    "packages": [
        {
            "name": "adways-constant",
            "version": "dev-master",
            "source": {
                "type": "git",
                "url": "https://github.com/AdwaysDev/Constant.git",
                "reference": "0763c1b3d8e23ba5961a3f572d8bd10b52348d8f"
            },
            "type": "library",
            "autoload": {
                "psr-0": {
                    "Adways\\Constant\\": "src/"
                }
            },
            "authors": [
                {
                    "name": "David THIBAULT",
                    "email": "david.thibault@adways.com"
                }
            ],
            "description": "Adways Constant",
            "time": "2016-06-08 12:44:11"
        }
    ],
    "packages-dev": [],
    "aliases": [],
    "minimum-stability": "dev",
    "stability-flags": {
        "adways-constant": 20
    },
    "prefer-stable": false,
    "prefer-lowest": false,
    "platform": {
        "php": ">=5.3.23"
    },
    "platform-dev": []
}
